// !$*UTF8*$!
{
	archiveVersion = 1;
	classes = {
	};
	objectVersion = 55;
	objects = {

/* Begin PBXBuildFile section */
		A8A494B9D6824516818690DE /* Pods_NinjaIceHockey.framework in Frameworks */ = {isa = PBXBuildFile; fileRef = AC278081BA7DAD9960E5F766 /* Pods_NinjaIceHockey.framework */; };
		E12CAD362977080F005BC189 /* UIView.swift in Sources */ = {isa = PBXBuildFile; fileRef = E12CAD352977080F005BC189 /* UIView.swift */; };
		E13885DE29387927001B028A /* NSManagedObject+.swift in Sources */ = {isa = PBXBuildFile; fileRef = E13885DD29387926001B028A /* NSManagedObject+.swift */; };
		E13885E029387F03001B028A /* UITableViewCell+.swift in Sources */ = {isa = PBXBuildFile; fileRef = E13885DF29387F03001B028A /* UITableViewCell+.swift */; };
		E13885E42938DDC2001B028A /* Note.swift in Sources */ = {isa = PBXBuildFile; fileRef = E13885E22938DDC1001B028A /* Note.swift */; };
		E1A7F1A12930FB2700436480 /* NoteViewModel.swift in Sources */ = {isa = PBXBuildFile; fileRef = E1A7F1A02930FB2600436480 /* NoteViewModel.swift */; };
		E1A7F1A32930FB3A00436480 /* NoteViewController.swift in Sources */ = {isa = PBXBuildFile; fileRef = E1A7F1A22930FB3A00436480 /* NoteViewController.swift */; };
		E1A7F1A82931074A00436480 /* CoreDataModel.xcdatamodeld in Sources */ = {isa = PBXBuildFile; fileRef = E1A7F1A62931074A00436480 /* CoreDataModel.xcdatamodeld */; };
		E1A7F1AD29310C0800436480 /* CoreDataService.swift in Sources */ = {isa = PBXBuildFile; fileRef = E1A7F1AC29310C0800436480 /* CoreDataService.swift */; };
		E1A7F1B129320FF400436480 /* CoreDataNotesTest.swift in Sources */ = {isa = PBXBuildFile; fileRef = E1A7F1B029320FF400436480 /* CoreDataNotesTest.swift */; };
		E1CB31A4292DF88F002C1ABC /* ApiEndpointTests.swift in Sources */ = {isa = PBXBuildFile; fileRef = E1CB31A3292DF88F002C1ABC /* ApiEndpointTests.swift */; };
		E1CB31AB292E17FD002C1ABC /* ApiTest.swift in Sources */ = {isa = PBXBuildFile; fileRef = E1CB31AA292E17FD002C1ABC /* ApiTest.swift */; };
		E1CB31AF292E5ABD002C1ABC /* MatchesData.swift in Sources */ = {isa = PBXBuildFile; fileRef = E1CB31AE292E5ABD002C1ABC /* MatchesData.swift */; };
		E1CB31B2292E6824002C1ABC /* Coordinator.swift in Sources */ = {isa = PBXBuildFile; fileRef = E1CB31B1292E6824002C1ABC /* Coordinator.swift */; };
		E1CB31B4292E6F4C002C1ABC /* MainCoordinator.swift in Sources */ = {isa = PBXBuildFile; fileRef = E1CB31B3292E6F4C002C1ABC /* MainCoordinator.swift */; };
		E1CB31B7292E721D002C1ABC /* Page.swift in Sources */ = {isa = PBXBuildFile; fileRef = E1CB31B6292E721D002C1ABC /* Page.swift */; };
		E1CB31B9292E7237002C1ABC /* League.swift in Sources */ = {isa = PBXBuildFile; fileRef = E1CB31B8292E7237002C1ABC /* League.swift */; };
		E1CB31BB292E7249002C1ABC /* Team.swift in Sources */ = {isa = PBXBuildFile; fileRef = E1CB31BA292E7249002C1ABC /* Team.swift */; };
		E1CB31BD292E725B002C1ABC /* Player.swift in Sources */ = {isa = PBXBuildFile; fileRef = E1CB31BC292E725B002C1ABC /* Player.swift */; };
		E1CB31BF292E7278002C1ABC /* Match.swift in Sources */ = {isa = PBXBuildFile; fileRef = E1CB31BE292E7278002C1ABC /* Match.swift */; };
		E1CB31C2292E7747002C1ABC /* SimpleTableViewDelegate.swift in Sources */ = {isa = PBXBuildFile; fileRef = E1CB31C1292E7747002C1ABC /* SimpleTableViewDelegate.swift */; };
		E1CB31C5292E8C62002C1ABC /* PlayersData.swift in Sources */ = {isa = PBXBuildFile; fileRef = E1CB31C4292E8C62002C1ABC /* PlayersData.swift */; };
		E1CB31C7292F74D8002C1ABC /* PlayerViewModelTest.swift in Sources */ = {isa = PBXBuildFile; fileRef = E1CB31C6292F74D8002C1ABC /* PlayerViewModelTest.swift */; };
		E1CB31C9292F871E002C1ABC /* DateFormatter+.swift in Sources */ = {isa = PBXBuildFile; fileRef = E1CB31C8292F871E002C1ABC /* DateFormatter+.swift */; };
		E1CB31CB292FA933002C1ABC /* Transfer.swift in Sources */ = {isa = PBXBuildFile; fileRef = E1CB31CA292FA933002C1ABC /* Transfer.swift */; };
		E1CB31CD292FAA89002C1ABC /* TransferViewModel.swift in Sources */ = {isa = PBXBuildFile; fileRef = E1CB31CC292FAA89002C1ABC /* TransferViewModel.swift */; };
		E1CB31CF292FAA9F002C1ABC /* TransferTableViewCell.swift in Sources */ = {isa = PBXBuildFile; fileRef = E1CB31CE292FAA9F002C1ABC /* TransferTableViewCell.swift */; };
		E1CB31D1292FAAB0002C1ABC /* TransferViewController.swift in Sources */ = {isa = PBXBuildFile; fileRef = E1CB31D0292FAAB0002C1ABC /* TransferViewController.swift */; };
		E1CB31D3292FBBA5002C1ABC /* TransferData.swift in Sources */ = {isa = PBXBuildFile; fileRef = E1CB31D2292FBBA5002C1ABC /* TransferData.swift */; };
		E1CB32012930AB1D002C1ABC /* Operators.swift in Sources */ = {isa = PBXBuildFile; fileRef = E1CB32002930AB1D002C1ABC /* Operators.swift */; };
		E1CB32072930C9C8002C1ABC /* NotesViewController.swift in Sources */ = {isa = PBXBuildFile; fileRef = E1CB32062930C9C7002C1ABC /* NotesViewController.swift */; };
		E1CB32092930C9DE002C1ABC /* NotesTableCellView.swift in Sources */ = {isa = PBXBuildFile; fileRef = E1CB32082930C9DD002C1ABC /* NotesTableCellView.swift */; };
		E1CB320B2930CA17002C1ABC /* NotesViewModel.swift in Sources */ = {isa = PBXBuildFile; fileRef = E1CB320A2930CA17002C1ABC /* NotesViewModel.swift */; };
		E1E47F7E292C8FFC007A6DA4 /* AppDelegate.swift in Sources */ = {isa = PBXBuildFile; fileRef = E1E47F7D292C8FFC007A6DA4 /* AppDelegate.swift */; };
		E1E47F80292C8FFC007A6DA4 /* SceneDelegate.swift in Sources */ = {isa = PBXBuildFile; fileRef = E1E47F7F292C8FFC007A6DA4 /* SceneDelegate.swift */; };
		E1E47F82292C8FFC007A6DA4 /* MenuViewController.swift in Sources */ = {isa = PBXBuildFile; fileRef = E1E47F81292C8FFC007A6DA4 /* MenuViewController.swift */; };
		E1E47F87292C9006007A6DA4 /* Assets.xcassets in Resources */ = {isa = PBXBuildFile; fileRef = E1E47F86292C9006007A6DA4 /* Assets.xcassets */; };
		E1E47F8A292C9006007A6DA4 /* LaunchScreen.storyboard in Resources */ = {isa = PBXBuildFile; fileRef = E1E47F88292C9006007A6DA4 /* LaunchScreen.storyboard */; };
		E1E47F97292C9A5B007A6DA4 /* MenuViewModel.swift in Sources */ = {isa = PBXBuildFile; fileRef = E1E47F96292C9A5B007A6DA4 /* MenuViewModel.swift */; };
		E1E47F9B292C9F20007A6DA4 /* MenuTableViewCell.swift in Sources */ = {isa = PBXBuildFile; fileRef = E1E47F9A292C9F20007A6DA4 /* MenuTableViewCell.swift */; };
		E1E47F9E292CA141007A6DA4 /* UIColor+.swift in Sources */ = {isa = PBXBuildFile; fileRef = E1E47F9D292CA141007A6DA4 /* UIColor+.swift */; };
		E1E47FA3292CB1AA007A6DA4 /* LeagueViewModel.swift in Sources */ = {isa = PBXBuildFile; fileRef = E1E47FA2292CB1AA007A6DA4 /* LeagueViewModel.swift */; };
		E1E47FA6292CB1C2007A6DA4 /* LeagueViewController.swift in Sources */ = {isa = PBXBuildFile; fileRef = E1E47FA5292CB1C2007A6DA4 /* LeagueViewController.swift */; };
		E1E47FA8292CB1D3007A6DA4 /* LeagueTableViewCell.swift in Sources */ = {isa = PBXBuildFile; fileRef = E1E47FA7292CB1D3007A6DA4 /* LeagueTableViewCell.swift */; };
		E1E47FAB292CCA6C007A6DA4 /* TeamViewModel.swift in Sources */ = {isa = PBXBuildFile; fileRef = E1E47FAA292CCA6C007A6DA4 /* TeamViewModel.swift */; };
		E1E47FAE292CCAF4007A6DA4 /* TeamViewController.swift in Sources */ = {isa = PBXBuildFile; fileRef = E1E47FAD292CCAF4007A6DA4 /* TeamViewController.swift */; };
		E1E47FB0292CCB05007A6DA4 /* TeamTableViewCell.swift in Sources */ = {isa = PBXBuildFile; fileRef = E1E47FAF292CCB05007A6DA4 /* TeamTableViewCell.swift */; };
		E1E47FB3292CF294007A6DA4 /* PlayerViewModel.swift in Sources */ = {isa = PBXBuildFile; fileRef = E1E47FB2292CF294007A6DA4 /* PlayerViewModel.swift */; };
		E1E47FB5292CF2A0007A6DA4 /* PlayerViewController.swift in Sources */ = {isa = PBXBuildFile; fileRef = E1E47FB4292CF2A0007A6DA4 /* PlayerViewController.swift */; };
		E1E47FB7292CF2B0007A6DA4 /* PlayerTableViewCell.swift in Sources */ = {isa = PBXBuildFile; fileRef = E1E47FB6292CF2B0007A6DA4 /* PlayerTableViewCell.swift */; };
		E1E47FBB292D14D0007A6DA4 /* MatchesViewModel.swift in Sources */ = {isa = PBXBuildFile; fileRef = E1E47FBA292D14D0007A6DA4 /* MatchesViewModel.swift */; };
		E1E47FBE292D14E3007A6DA4 /* MatchesViewController.swift in Sources */ = {isa = PBXBuildFile; fileRef = E1E47FBD292D14E3007A6DA4 /* MatchesViewController.swift */; };
		E1E47FC0292D14F0007A6DA4 /* MatchesCellView.swift in Sources */ = {isa = PBXBuildFile; fileRef = E1E47FBF292D14F0007A6DA4 /* MatchesCellView.swift */; };
		E1E47FC4292D2617007A6DA4 /* ApiEndpoint.swift in Sources */ = {isa = PBXBuildFile; fileRef = E1E47FC3292D2617007A6DA4 /* ApiEndpoint.swift */; };
		E1E47FC7292D3123007A6DA4 /* TeamsData.swift in Sources */ = {isa = PBXBuildFile; fileRef = E1E47FC6292D3123007A6DA4 /* TeamsData.swift */; };
		E1E47FC9292D611A007A6DA4 /* SofaScoreApi.swift in Sources */ = {isa = PBXBuildFile; fileRef = E1E47FC8292D611A007A6DA4 /* SofaScoreApi.swift */; };
/* End PBXBuildFile section */

/* Begin PBXContainerItemProxy section */
		E1CB31A5292DF88F002C1ABC /* PBXContainerItemProxy */ = {
			isa = PBXContainerItemProxy;
			containerPortal = E1E47F72292C8FFC007A6DA4 /* Project object */;
			proxyType = 1;
			remoteGlobalIDString = E1E47F79292C8FFC007A6DA4;
			remoteInfo = NinjaIceHockey;
		};
/* End PBXContainerItemProxy section */

/* Begin PBXFileReference section */
		96060F64072B0479EE7C3068 /* Pods-NinjaIceHockey.debug.xcconfig */ = {isa = PBXFileReference; includeInIndex = 1; lastKnownFileType = text.xcconfig; name = "Pods-NinjaIceHockey.debug.xcconfig"; path = "Target Support Files/Pods-NinjaIceHockey/Pods-NinjaIceHockey.debug.xcconfig"; sourceTree = "<group>"; };
		AC278081BA7DAD9960E5F766 /* Pods_NinjaIceHockey.framework */ = {isa = PBXFileReference; explicitFileType = wrapper.framework; includeInIndex = 0; path = Pods_NinjaIceHockey.framework; sourceTree = BUILT_PRODUCTS_DIR; };
		C30513B1E5DF4AF7DB9C18A8 /* Pods-NinjaIceHockey.release.xcconfig */ = {isa = PBXFileReference; includeInIndex = 1; lastKnownFileType = text.xcconfig; name = "Pods-NinjaIceHockey.release.xcconfig"; path = "Target Support Files/Pods-NinjaIceHockey/Pods-NinjaIceHockey.release.xcconfig"; sourceTree = "<group>"; };
		E12CAD352977080F005BC189 /* UIView.swift */ = {isa = PBXFileReference; lastKnownFileType = sourcecode.swift; path = UIView.swift; sourceTree = "<group>"; };
		E13885DD29387926001B028A /* NSManagedObject+.swift */ = {isa = PBXFileReference; lastKnownFileType = sourcecode.swift; path = "NSManagedObject+.swift"; sourceTree = "<group>"; };
		E13885DF29387F03001B028A /* UITableViewCell+.swift */ = {isa = PBXFileReference; lastKnownFileType = sourcecode.swift; path = "UITableViewCell+.swift"; sourceTree = "<group>"; };
		E13885E22938DDC1001B028A /* Note.swift */ = {isa = PBXFileReference; fileEncoding = 4; lastKnownFileType = sourcecode.swift; path = Note.swift; sourceTree = "<group>"; };
		E1A7F1A02930FB2600436480 /* NoteViewModel.swift */ = {isa = PBXFileReference; lastKnownFileType = sourcecode.swift; path = NoteViewModel.swift; sourceTree = "<group>"; };
		E1A7F1A22930FB3A00436480 /* NoteViewController.swift */ = {isa = PBXFileReference; lastKnownFileType = sourcecode.swift; path = NoteViewController.swift; sourceTree = "<group>"; };
		E1A7F1A72931074A00436480 /* Notes.xcdatamodel */ = {isa = PBXFileReference; lastKnownFileType = wrapper.xcdatamodel; path = Notes.xcdatamodel; sourceTree = "<group>"; };
		E1A7F1AC29310C0800436480 /* CoreDataService.swift */ = {isa = PBXFileReference; lastKnownFileType = sourcecode.swift; path = CoreDataService.swift; sourceTree = "<group>"; };
		E1A7F1B029320FF400436480 /* CoreDataNotesTest.swift */ = {isa = PBXFileReference; lastKnownFileType = sourcecode.swift; path = CoreDataNotesTest.swift; sourceTree = "<group>"; };
		E1CB31A1292DF88F002C1ABC /* SoccerStatTests.xctest */ = {isa = PBXFileReference; explicitFileType = wrapper.cfbundle; includeInIndex = 0; path = SoccerStatTests.xctest; sourceTree = BUILT_PRODUCTS_DIR; };
		E1CB31A3292DF88F002C1ABC /* ApiEndpointTests.swift */ = {isa = PBXFileReference; lastKnownFileType = sourcecode.swift; path = ApiEndpointTests.swift; sourceTree = "<group>"; };
		E1CB31AA292E17FD002C1ABC /* ApiTest.swift */ = {isa = PBXFileReference; lastKnownFileType = sourcecode.swift; path = ApiTest.swift; sourceTree = "<group>"; };
		E1CB31AE292E5ABD002C1ABC /* MatchesData.swift */ = {isa = PBXFileReference; lastKnownFileType = sourcecode.swift; path = MatchesData.swift; sourceTree = "<group>"; };
		E1CB31B1292E6824002C1ABC /* Coordinator.swift */ = {isa = PBXFileReference; lastKnownFileType = sourcecode.swift; path = Coordinator.swift; sourceTree = "<group>"; };
		E1CB31B3292E6F4C002C1ABC /* MainCoordinator.swift */ = {isa = PBXFileReference; lastKnownFileType = sourcecode.swift; path = MainCoordinator.swift; sourceTree = "<group>"; };
		E1CB31B6292E721D002C1ABC /* Page.swift */ = {isa = PBXFileReference; lastKnownFileType = sourcecode.swift; path = Page.swift; sourceTree = "<group>"; };
		E1CB31B8292E7237002C1ABC /* League.swift */ = {isa = PBXFileReference; lastKnownFileType = sourcecode.swift; path = League.swift; sourceTree = "<group>"; };
		E1CB31BA292E7249002C1ABC /* Team.swift */ = {isa = PBXFileReference; lastKnownFileType = sourcecode.swift; path = Team.swift; sourceTree = "<group>"; };
		E1CB31BC292E725B002C1ABC /* Player.swift */ = {isa = PBXFileReference; lastKnownFileType = sourcecode.swift; path = Player.swift; sourceTree = "<group>"; };
		E1CB31BE292E7278002C1ABC /* Match.swift */ = {isa = PBXFileReference; lastKnownFileType = sourcecode.swift; path = Match.swift; sourceTree = "<group>"; };
		E1CB31C1292E7747002C1ABC /* SimpleTableViewDelegate.swift */ = {isa = PBXFileReference; lastKnownFileType = sourcecode.swift; path = SimpleTableViewDelegate.swift; sourceTree = "<group>"; };
		E1CB31C4292E8C62002C1ABC /* PlayersData.swift */ = {isa = PBXFileReference; lastKnownFileType = sourcecode.swift; path = PlayersData.swift; sourceTree = "<group>"; };
		E1CB31C6292F74D8002C1ABC /* PlayerViewModelTest.swift */ = {isa = PBXFileReference; lastKnownFileType = sourcecode.swift; path = PlayerViewModelTest.swift; sourceTree = "<group>"; };
		E1CB31C8292F871E002C1ABC /* DateFormatter+.swift */ = {isa = PBXFileReference; lastKnownFileType = sourcecode.swift; path = "DateFormatter+.swift"; sourceTree = "<group>"; };
		E1CB31CA292FA933002C1ABC /* Transfer.swift */ = {isa = PBXFileReference; lastKnownFileType = sourcecode.swift; path = Transfer.swift; sourceTree = "<group>"; };
		E1CB31CC292FAA89002C1ABC /* TransferViewModel.swift */ = {isa = PBXFileReference; lastKnownFileType = sourcecode.swift; path = TransferViewModel.swift; sourceTree = "<group>"; };
		E1CB31CE292FAA9F002C1ABC /* TransferTableViewCell.swift */ = {isa = PBXFileReference; lastKnownFileType = sourcecode.swift; path = TransferTableViewCell.swift; sourceTree = "<group>"; };
		E1CB31D0292FAAB0002C1ABC /* TransferViewController.swift */ = {isa = PBXFileReference; lastKnownFileType = sourcecode.swift; path = TransferViewController.swift; sourceTree = "<group>"; };
		E1CB31D2292FBBA5002C1ABC /* TransferData.swift */ = {isa = PBXFileReference; lastKnownFileType = sourcecode.swift; path = TransferData.swift; sourceTree = "<group>"; };
		E1CB32002930AB1D002C1ABC /* Operators.swift */ = {isa = PBXFileReference; lastKnownFileType = sourcecode.swift; path = Operators.swift; sourceTree = "<group>"; };
		E1CB32062930C9C7002C1ABC /* NotesViewController.swift */ = {isa = PBXFileReference; lastKnownFileType = sourcecode.swift; path = NotesViewController.swift; sourceTree = "<group>"; };
		E1CB32082930C9DD002C1ABC /* NotesTableCellView.swift */ = {isa = PBXFileReference; lastKnownFileType = sourcecode.swift; path = NotesTableCellView.swift; sourceTree = "<group>"; };
		E1CB320A2930CA17002C1ABC /* NotesViewModel.swift */ = {isa = PBXFileReference; lastKnownFileType = sourcecode.swift; path = NotesViewModel.swift; sourceTree = "<group>"; };
		E1E47F7A292C8FFC007A6DA4 /* SoccerStat.app */ = {isa = PBXFileReference; explicitFileType = wrapper.application; includeInIndex = 0; path = SoccerStat.app; sourceTree = BUILT_PRODUCTS_DIR; };
		E1E47F7D292C8FFC007A6DA4 /* AppDelegate.swift */ = {isa = PBXFileReference; lastKnownFileType = sourcecode.swift; path = AppDelegate.swift; sourceTree = "<group>"; };
		E1E47F7F292C8FFC007A6DA4 /* SceneDelegate.swift */ = {isa = PBXFileReference; lastKnownFileType = sourcecode.swift; path = SceneDelegate.swift; sourceTree = "<group>"; };
		E1E47F81292C8FFC007A6DA4 /* MenuViewController.swift */ = {isa = PBXFileReference; lastKnownFileType = sourcecode.swift; path = MenuViewController.swift; sourceTree = "<group>"; };
		E1E47F86292C9006007A6DA4 /* Assets.xcassets */ = {isa = PBXFileReference; lastKnownFileType = folder.assetcatalog; path = Assets.xcassets; sourceTree = "<group>"; };
		E1E47F89292C9006007A6DA4 /* Base */ = {isa = PBXFileReference; lastKnownFileType = file.storyboard; name = Base; path = Base.lproj/LaunchScreen.storyboard; sourceTree = "<group>"; };
		E1E47F8B292C9006007A6DA4 /* Info.plist */ = {isa = PBXFileReference; lastKnownFileType = text.plist.xml; path = Info.plist; sourceTree = "<group>"; };
		E1E47F96292C9A5B007A6DA4 /* MenuViewModel.swift */ = {isa = PBXFileReference; lastKnownFileType = sourcecode.swift; path = MenuViewModel.swift; sourceTree = "<group>"; };
		E1E47F9A292C9F20007A6DA4 /* MenuTableViewCell.swift */ = {isa = PBXFileReference; lastKnownFileType = sourcecode.swift; path = MenuTableViewCell.swift; sourceTree = "<group>"; };
		E1E47F9D292CA141007A6DA4 /* UIColor+.swift */ = {isa = PBXFileReference; lastKnownFileType = sourcecode.swift; path = "UIColor+.swift"; sourceTree = "<group>"; };
		E1E47FA2292CB1AA007A6DA4 /* LeagueViewModel.swift */ = {isa = PBXFileReference; lastKnownFileType = sourcecode.swift; path = LeagueViewModel.swift; sourceTree = "<group>"; };
		E1E47FA5292CB1C2007A6DA4 /* LeagueViewController.swift */ = {isa = PBXFileReference; lastKnownFileType = sourcecode.swift; path = LeagueViewController.swift; sourceTree = "<group>"; };
		E1E47FA7292CB1D3007A6DA4 /* LeagueTableViewCell.swift */ = {isa = PBXFileReference; lastKnownFileType = sourcecode.swift; path = LeagueTableViewCell.swift; sourceTree = "<group>"; };
		E1E47FAA292CCA6C007A6DA4 /* TeamViewModel.swift */ = {isa = PBXFileReference; lastKnownFileType = sourcecode.swift; path = TeamViewModel.swift; sourceTree = "<group>"; };
		E1E47FAD292CCAF4007A6DA4 /* TeamViewController.swift */ = {isa = PBXFileReference; lastKnownFileType = sourcecode.swift; path = TeamViewController.swift; sourceTree = "<group>"; };
		E1E47FAF292CCB05007A6DA4 /* TeamTableViewCell.swift */ = {isa = PBXFileReference; lastKnownFileType = sourcecode.swift; path = TeamTableViewCell.swift; sourceTree = "<group>"; };
		E1E47FB2292CF294007A6DA4 /* PlayerViewModel.swift */ = {isa = PBXFileReference; lastKnownFileType = sourcecode.swift; path = PlayerViewModel.swift; sourceTree = "<group>"; };
		E1E47FB4292CF2A0007A6DA4 /* PlayerViewController.swift */ = {isa = PBXFileReference; lastKnownFileType = sourcecode.swift; path = PlayerViewController.swift; sourceTree = "<group>"; };
		E1E47FB6292CF2B0007A6DA4 /* PlayerTableViewCell.swift */ = {isa = PBXFileReference; lastKnownFileType = sourcecode.swift; path = PlayerTableViewCell.swift; sourceTree = "<group>"; };
		E1E47FBA292D14D0007A6DA4 /* MatchesViewModel.swift */ = {isa = PBXFileReference; lastKnownFileType = sourcecode.swift; path = MatchesViewModel.swift; sourceTree = "<group>"; };
		E1E47FBD292D14E3007A6DA4 /* MatchesViewController.swift */ = {isa = PBXFileReference; lastKnownFileType = sourcecode.swift; path = MatchesViewController.swift; sourceTree = "<group>"; };
		E1E47FBF292D14F0007A6DA4 /* MatchesCellView.swift */ = {isa = PBXFileReference; lastKnownFileType = sourcecode.swift; path = MatchesCellView.swift; sourceTree = "<group>"; };
		E1E47FC3292D2617007A6DA4 /* ApiEndpoint.swift */ = {isa = PBXFileReference; lastKnownFileType = sourcecode.swift; path = ApiEndpoint.swift; sourceTree = "<group>"; };
		E1E47FC6292D3123007A6DA4 /* TeamsData.swift */ = {isa = PBXFileReference; lastKnownFileType = sourcecode.swift; path = TeamsData.swift; sourceTree = "<group>"; };
		E1E47FC8292D611A007A6DA4 /* SofaScoreApi.swift */ = {isa = PBXFileReference; lastKnownFileType = sourcecode.swift; path = SofaScoreApi.swift; sourceTree = "<group>"; };
/* End PBXFileReference section */

/* Begin PBXFrameworksBuildPhase section */
		E1CB319E292DF88F002C1ABC /* Frameworks */ = {
			isa = PBXFrameworksBuildPhase;
			buildActionMask = 2147483647;
			files = (
			);
			runOnlyForDeploymentPostprocessing = 0;
		};
		E1E47F77292C8FFC007A6DA4 /* Frameworks */ = {
			isa = PBXFrameworksBuildPhase;
			buildActionMask = 2147483647;
			files = (
				A8A494B9D6824516818690DE /* Pods_NinjaIceHockey.framework in Frameworks */,
			);
			runOnlyForDeploymentPostprocessing = 0;
		};
/* End PBXFrameworksBuildPhase section */

/* Begin PBXGroup section */
		859592D46D2EA001C84F173D /* Frameworks */ = {
			isa = PBXGroup;
			children = (
				AC278081BA7DAD9960E5F766 /* Pods_NinjaIceHockey.framework */,
			);
			name = Frameworks;
			sourceTree = "<group>";
		};
		E1A7F1A92931081C00436480 /* CoreData */ = {
			isa = PBXGroup;
			children = (
				E1A7F1AC29310C0800436480 /* CoreDataService.swift */,
			);
			path = CoreData;
			sourceTree = "<group>";
		};
		E1CB319B292DD7A6002C1ABC /* VIew */ = {
			isa = PBXGroup;
			children = (
				E1CB319C292DD7BB002C1ABC /* Cells */,
				E1E47F81292C8FFC007A6DA4 /* MenuViewController.swift */,
				E1E47FA5292CB1C2007A6DA4 /* LeagueViewController.swift */,
				E1E47FAD292CCAF4007A6DA4 /* TeamViewController.swift */,
				E1E47FB4292CF2A0007A6DA4 /* PlayerViewController.swift */,
				E1E47FBD292D14E3007A6DA4 /* MatchesViewController.swift */,
				E1CB31D0292FAAB0002C1ABC /* TransferViewController.swift */,
				E1CB32062930C9C7002C1ABC /* NotesViewController.swift */,
				E1A7F1A22930FB3A00436480 /* NoteViewController.swift */,
			);
			path = VIew;
			sourceTree = "<group>";
		};
		E1CB319C292DD7BB002C1ABC /* Cells */ = {
			isa = PBXGroup;
			children = (
				E1E47F9A292C9F20007A6DA4 /* MenuTableViewCell.swift */,
				E1E47FA7292CB1D3007A6DA4 /* LeagueTableViewCell.swift */,
				E1E47FAF292CCB05007A6DA4 /* TeamTableViewCell.swift */,
				E1E47FB6292CF2B0007A6DA4 /* PlayerTableViewCell.swift */,
				E1E47FBF292D14F0007A6DA4 /* MatchesCellView.swift */,
				E1CB31CE292FAA9F002C1ABC /* TransferTableViewCell.swift */,
				E1CB32082930C9DD002C1ABC /* NotesTableCellView.swift */,
			);
			path = Cells;
			sourceTree = "<group>";
		};
		E1CB31A2292DF88F002C1ABC /* SoccerStatTests */ = {
			isa = PBXGroup;
			children = (
				E1CB31A3292DF88F002C1ABC /* ApiEndpointTests.swift */,
				E1CB31AA292E17FD002C1ABC /* ApiTest.swift */,
				E1CB31C6292F74D8002C1ABC /* PlayerViewModelTest.swift */,
				E1A7F1B029320FF400436480 /* CoreDataNotesTest.swift */,
			);
			path = SoccerStatTests;
			sourceTree = "<group>";
		};
		E1CB31B0292E6816002C1ABC /* Coordinator */ = {
			isa = PBXGroup;
			children = (
				E1CB31B1292E6824002C1ABC /* Coordinator.swift */,
				E1CB31B3292E6F4C002C1ABC /* MainCoordinator.swift */,
			);
			path = Coordinator;
			sourceTree = "<group>";
		};
		E1CB31B5292E71DF002C1ABC /* Model */ = {
			isa = PBXGroup;
			children = (
				E1CB31B6292E721D002C1ABC /* Page.swift */,
				E1CB31B8292E7237002C1ABC /* League.swift */,
				E1CB31BA292E7249002C1ABC /* Team.swift */,
				E1CB31BC292E725B002C1ABC /* Player.swift */,
				E1CB31BE292E7278002C1ABC /* Match.swift */,
				E1CB31CA292FA933002C1ABC /* Transfer.swift */,
				E13885E22938DDC1001B028A /* Note.swift */,
			);
			path = Model;
			sourceTree = "<group>";
		};
		E1CB31C0292E7736002C1ABC /* UIComponents */ = {
			isa = PBXGroup;
			children = (
				E1CB31C1292E7747002C1ABC /* SimpleTableViewDelegate.swift */,
			);
			path = UIComponents;
			sourceTree = "<group>";
		};
		E1E47F71292C8FFC007A6DA4 = {
			isa = PBXGroup;
			children = (
				E1E47F7C292C8FFC007A6DA4 /* SoccerStat */,
				E1CB31A2292DF88F002C1ABC /* SoccerStatTests */,
				E1E47F7B292C8FFC007A6DA4 /* Products */,
				E85CDC5D137A507B272B67FC /* Pods */,
				859592D46D2EA001C84F173D /* Frameworks */,
			);
			sourceTree = "<group>";
		};
		E1E47F7B292C8FFC007A6DA4 /* Products */ = {
			isa = PBXGroup;
			children = (
				E1E47F7A292C8FFC007A6DA4 /* SoccerStat.app */,
				E1CB31A1292DF88F002C1ABC /* SoccerStatTests.xctest */,
			);
			name = Products;
			sourceTree = "<group>";
		};
		E1E47F7C292C8FFC007A6DA4 /* SoccerStat */ = {
			isa = PBXGroup;
			children = (
				E1E47F92292C938E007A6DA4 /* Resources */,
				E1E47F9C292CA133007A6DA4 /* Extensions */,
				E1E47F91292C937F007A6DA4 /* System Files */,
				E1E47FC1292D24F5007A6DA4 /* Services */,
				E1CB31C0292E7736002C1ABC /* UIComponents */,
				E1E47F93292C9394007A6DA4 /* MVVM */,
			);
			path = SoccerStat;
			sourceTree = "<group>";
		};
		E1E47F91292C937F007A6DA4 /* System Files */ = {
			isa = PBXGroup;
			children = (
				E1E47F7D292C8FFC007A6DA4 /* AppDelegate.swift */,
				E1E47F7F292C8FFC007A6DA4 /* SceneDelegate.swift */,
			);
			path = "System Files";
			sourceTree = "<group>";
		};
		E1E47F92292C938E007A6DA4 /* Resources */ = {
			isa = PBXGroup;
			children = (
				E1A7F1A62931074A00436480 /* CoreDataModel.xcdatamodeld */,
				E1E47F86292C9006007A6DA4 /* Assets.xcassets */,
				E1E47F88292C9006007A6DA4 /* LaunchScreen.storyboard */,
				E1E47F8B292C9006007A6DA4 /* Info.plist */,
			);
			path = Resources;
			sourceTree = "<group>";
		};
		E1E47F93292C9394007A6DA4 /* MVVM */ = {
			isa = PBXGroup;
			children = (
				E1CB31B5292E71DF002C1ABC /* Model */,
				E1E47FCA292D618F007A6DA4 /* ViewModel */,
				E1CB319B292DD7A6002C1ABC /* VIew */,
				E1CB31B0292E6816002C1ABC /* Coordinator */,
			);
			path = MVVM;
			sourceTree = "<group>";
		};
		E1E47F9C292CA133007A6DA4 /* Extensions */ = {
			isa = PBXGroup;
			children = (
				E1E47F9D292CA141007A6DA4 /* UIColor+.swift */,
				E12CAD352977080F005BC189 /* UIView.swift */,
				E13885DF29387F03001B028A /* UITableViewCell+.swift */,
				E1CB31C8292F871E002C1ABC /* DateFormatter+.swift */,
				E13885DD29387926001B028A /* NSManagedObject+.swift */,
				E1CB32002930AB1D002C1ABC /* Operators.swift */,
			);
			path = Extensions;
			sourceTree = "<group>";
		};
		E1E47FC1292D24F5007A6DA4 /* Services */ = {
			isa = PBXGroup;
			children = (
				E1A7F1A92931081C00436480 /* CoreData */,
				E1E47FC2292D250A007A6DA4 /* SofaScoreApi */,
			);
			path = Services;
			sourceTree = "<group>";
		};
		E1E47FC2292D250A007A6DA4 /* SofaScoreApi */ = {
			isa = PBXGroup;
			children = (
				E1E47FC5292D30B9007A6DA4 /* Data Struct */,
				E1E47FC3292D2617007A6DA4 /* ApiEndpoint.swift */,
				E1E47FC8292D611A007A6DA4 /* SofaScoreApi.swift */,
			);
			path = SofaScoreApi;
			sourceTree = "<group>";
		};
		E1E47FC5292D30B9007A6DA4 /* Data Struct */ = {
			isa = PBXGroup;
			children = (
				E1E47FC6292D3123007A6DA4 /* TeamsData.swift */,
				E1CB31AE292E5ABD002C1ABC /* MatchesData.swift */,
				E1CB31C4292E8C62002C1ABC /* PlayersData.swift */,
				E1CB31D2292FBBA5002C1ABC /* TransferData.swift */,
			);
			path = "Data Struct";
			sourceTree = "<group>";
		};
		E1E47FCA292D618F007A6DA4 /* ViewModel */ = {
			isa = PBXGroup;
			children = (
				E1E47F96292C9A5B007A6DA4 /* MenuViewModel.swift */,
				E1E47FA2292CB1AA007A6DA4 /* LeagueViewModel.swift */,
				E1E47FAA292CCA6C007A6DA4 /* TeamViewModel.swift */,
				E1E47FB2292CF294007A6DA4 /* PlayerViewModel.swift */,
				E1E47FBA292D14D0007A6DA4 /* MatchesViewModel.swift */,
				E1CB31CC292FAA89002C1ABC /* TransferViewModel.swift */,
				E1CB320A2930CA17002C1ABC /* NotesViewModel.swift */,
				E1A7F1A02930FB2600436480 /* NoteViewModel.swift */,
			);
			path = ViewModel;
			sourceTree = "<group>";
		};
		E85CDC5D137A507B272B67FC /* Pods */ = {
			isa = PBXGroup;
			children = (
				96060F64072B0479EE7C3068 /* Pods-NinjaIceHockey.debug.xcconfig */,
				C30513B1E5DF4AF7DB9C18A8 /* Pods-NinjaIceHockey.release.xcconfig */,
			);
			path = Pods;
			sourceTree = "<group>";
		};
/* End PBXGroup section */

/* Begin PBXNativeTarget section */
		E1CB31A0292DF88F002C1ABC /* SoccerStatTests */ = {
			isa = PBXNativeTarget;
			buildConfigurationList = E1CB31A9292DF88F002C1ABC /* Build configuration list for PBXNativeTarget "SoccerStatTests" */;
			buildPhases = (
				E1CB319D292DF88F002C1ABC /* Sources */,
				E1CB319E292DF88F002C1ABC /* Frameworks */,
				E1CB319F292DF88F002C1ABC /* Resources */,
			);
			buildRules = (
			);
			dependencies = (
				E1CB31A6292DF88F002C1ABC /* PBXTargetDependency */,
			);
			name = SoccerStatTests;
			productName = NinjaIceHockeyTests;
			productReference = E1CB31A1292DF88F002C1ABC /* SoccerStatTests.xctest */;
			productType = "com.apple.product-type.bundle.unit-test";
		};
		E1E47F79292C8FFC007A6DA4 /* SoccerStat */ = {
			isa = PBXNativeTarget;
			buildConfigurationList = E1E47F8E292C9006007A6DA4 /* Build configuration list for PBXNativeTarget "SoccerStat" */;
			buildPhases = (
				D590A488E268883A1B4B04AF /* [CP] Check Pods Manifest.lock */,
				E1E47F76292C8FFC007A6DA4 /* Sources */,
				E1E47F77292C8FFC007A6DA4 /* Frameworks */,
				E1E47F78292C8FFC007A6DA4 /* Resources */,
				9ACA9508C5E00B81546954FD /* [CP] Embed Pods Frameworks */,
			);
			buildRules = (
			);
			dependencies = (
			);
			name = SoccerStat;
			productName = NinjaIceHockey;
			productReference = E1E47F7A292C8FFC007A6DA4 /* SoccerStat.app */;
			productType = "com.apple.product-type.application";
		};
/* End PBXNativeTarget section */

/* Begin PBXProject section */
		E1E47F72292C8FFC007A6DA4 /* Project object */ = {
			isa = PBXProject;
			attributes = {
				BuildIndependentTargetsInParallel = 1;
				LastSwiftUpdateCheck = 1340;
				LastUpgradeCheck = 1340;
				TargetAttributes = {
					E1CB31A0292DF88F002C1ABC = {
						CreatedOnToolsVersion = 13.4.1;
						TestTargetID = E1E47F79292C8FFC007A6DA4;
					};
					E1E47F79292C8FFC007A6DA4 = {
						CreatedOnToolsVersion = 13.4.1;
					};
				};
			};
			buildConfigurationList = E1E47F75292C8FFC007A6DA4 /* Build configuration list for PBXProject "SoccerStat" */;
			compatibilityVersion = "Xcode 13.0";
			developmentRegion = en;
			hasScannedForEncodings = 0;
			knownRegions = (
				en,
				Base,
			);
			mainGroup = E1E47F71292C8FFC007A6DA4;
			productRefGroup = E1E47F7B292C8FFC007A6DA4 /* Products */;
			projectDirPath = "";
			projectRoot = "";
			targets = (
				E1E47F79292C8FFC007A6DA4 /* SoccerStat */,
				E1CB31A0292DF88F002C1ABC /* SoccerStatTests */,
			);
		};
/* End PBXProject section */

/* Begin PBXResourcesBuildPhase section */
		E1CB319F292DF88F002C1ABC /* Resources */ = {
			isa = PBXResourcesBuildPhase;
			buildActionMask = 2147483647;
			files = (
			);
			runOnlyForDeploymentPostprocessing = 0;
		};
		E1E47F78292C8FFC007A6DA4 /* Resources */ = {
			isa = PBXResourcesBuildPhase;
			buildActionMask = 2147483647;
			files = (
				E1E47F8A292C9006007A6DA4 /* LaunchScreen.storyboard in Resources */,
				E1E47F87292C9006007A6DA4 /* Assets.xcassets in Resources */,
			);
			runOnlyForDeploymentPostprocessing = 0;
		};
/* End PBXResourcesBuildPhase section */

/* Begin PBXShellScriptBuildPhase section */
		9ACA9508C5E00B81546954FD /* [CP] Embed Pods Frameworks */ = {
			isa = PBXShellScriptBuildPhase;
			buildActionMask = 2147483647;
			files = (
			);
			inputFileListPaths = (
				"${PODS_ROOT}/Target Support Files/Pods-NinjaIceHockey/Pods-NinjaIceHockey-frameworks-${CONFIGURATION}-input-files.xcfilelist",
			);
			name = "[CP] Embed Pods Frameworks";
			outputFileListPaths = (
				"${PODS_ROOT}/Target Support Files/Pods-NinjaIceHockey/Pods-NinjaIceHockey-frameworks-${CONFIGURATION}-output-files.xcfilelist",
			);
			runOnlyForDeploymentPostprocessing = 0;
			shellPath = /bin/sh;
			shellScript = "\"${PODS_ROOT}/Target Support Files/Pods-NinjaIceHockey/Pods-NinjaIceHockey-frameworks.sh\"\n";
			showEnvVarsInLog = 0;
		};
		D590A488E268883A1B4B04AF /* [CP] Check Pods Manifest.lock */ = {
			isa = PBXShellScriptBuildPhase;
			buildActionMask = 2147483647;
			files = (
			);
			inputFileListPaths = (
			);
			inputPaths = (
				"${PODS_PODFILE_DIR_PATH}/Podfile.lock",
				"${PODS_ROOT}/Manifest.lock",
			);
			name = "[CP] Check Pods Manifest.lock";
			outputFileListPaths = (
			);
			outputPaths = (
				"$(DERIVED_FILE_DIR)/Pods-NinjaIceHockey-checkManifestLockResult.txt",
			);
			runOnlyForDeploymentPostprocessing = 0;
			shellPath = /bin/sh;
			shellScript = "diff \"${PODS_PODFILE_DIR_PATH}/Podfile.lock\" \"${PODS_ROOT}/Manifest.lock\" > /dev/null\nif [ $? != 0 ] ; then\n    # print error to STDERR\n    echo \"error: The sandbox is not in sync with the Podfile.lock. Run 'pod install' or update your CocoaPods installation.\" >&2\n    exit 1\nfi\n# This output is used by Xcode 'outputs' to avoid re-running this script phase.\necho \"SUCCESS\" > \"${SCRIPT_OUTPUT_FILE_0}\"\n";
			showEnvVarsInLog = 0;
		};
/* End PBXShellScriptBuildPhase section */

/* Begin PBXSourcesBuildPhase section */
		E1CB319D292DF88F002C1ABC /* Sources */ = {
			isa = PBXSourcesBuildPhase;
			buildActionMask = 2147483647;
			files = (
				E1CB31C7292F74D8002C1ABC /* PlayerViewModelTest.swift in Sources */,
				E1CB31AB292E17FD002C1ABC /* ApiTest.swift in Sources */,
				E1A7F1B129320FF400436480 /* CoreDataNotesTest.swift in Sources */,
				E1CB31A4292DF88F002C1ABC /* ApiEndpointTests.swift in Sources */,
			);
			runOnlyForDeploymentPostprocessing = 0;
		};
		E1E47F76292C8FFC007A6DA4 /* Sources */ = {
			isa = PBXSourcesBuildPhase;
			buildActionMask = 2147483647;
			files = (
				E1CB31C9292F871E002C1ABC /* DateFormatter+.swift in Sources */,
				E1A7F1A82931074A00436480 /* CoreDataModel.xcdatamodeld in Sources */,
				E1CB32012930AB1D002C1ABC /* Operators.swift in Sources */,
				E12CAD362977080F005BC189 /* UIView.swift in Sources */,
				E1E47FC4292D2617007A6DA4 /* ApiEndpoint.swift in Sources */,
				E1CB32072930C9C8002C1ABC /* NotesViewController.swift in Sources */,
				E1CB31B4292E6F4C002C1ABC /* MainCoordinator.swift in Sources */,
				E1CB31AF292E5ABD002C1ABC /* MatchesData.swift in Sources */,
				E1E47F82292C8FFC007A6DA4 /* MenuViewController.swift in Sources */,
				E1CB31CF292FAA9F002C1ABC /* TransferTableViewCell.swift in Sources */,
				E1CB31BD292E725B002C1ABC /* Player.swift in Sources */,
				E1E47F9E292CA141007A6DA4 /* UIColor+.swift in Sources */,
				E1CB31CB292FA933002C1ABC /* Transfer.swift in Sources */,
				E1E47FBB292D14D0007A6DA4 /* MatchesViewModel.swift in Sources */,
				E1CB31B9292E7237002C1ABC /* League.swift in Sources */,
				E1CB32092930C9DE002C1ABC /* NotesTableCellView.swift in Sources */,
				E1E47F7E292C8FFC007A6DA4 /* AppDelegate.swift in Sources */,
				E1CB31BF292E7278002C1ABC /* Match.swift in Sources */,
				E1CB31C2292E7747002C1ABC /* SimpleTableViewDelegate.swift in Sources */,
				E1E47FB5292CF2A0007A6DA4 /* PlayerViewController.swift in Sources */,
				E1E47F80292C8FFC007A6DA4 /* SceneDelegate.swift in Sources */,
				E1E47FB3292CF294007A6DA4 /* PlayerViewModel.swift in Sources */,
				E1E47FB0292CCB05007A6DA4 /* TeamTableViewCell.swift in Sources */,
				E1E47FA8292CB1D3007A6DA4 /* LeagueTableViewCell.swift in Sources */,
				E1CB31D3292FBBA5002C1ABC /* TransferData.swift in Sources */,
				E13885E029387F03001B028A /* UITableViewCell+.swift in Sources */,
				E1CB31D1292FAAB0002C1ABC /* TransferViewController.swift in Sources */,
				E1E47FAB292CCA6C007A6DA4 /* TeamViewModel.swift in Sources */,
				E1E47FB7292CF2B0007A6DA4 /* PlayerTableViewCell.swift in Sources */,
				E1A7F1A12930FB2700436480 /* NoteViewModel.swift in Sources */,
				E1CB31B7292E721D002C1ABC /* Page.swift in Sources */,
				E1E47FC9292D611A007A6DA4 /* SofaScoreApi.swift in Sources */,
				E1E47FC0292D14F0007A6DA4 /* MatchesCellView.swift in Sources */,
				E1CB31BB292E7249002C1ABC /* Team.swift in Sources */,
				E1E47FC7292D3123007A6DA4 /* TeamsData.swift in Sources */,
				E1E47FA3292CB1AA007A6DA4 /* LeagueViewModel.swift in Sources */,
				E1CB31B2292E6824002C1ABC /* Coordinator.swift in Sources */,
				E1A7F1AD29310C0800436480 /* CoreDataService.swift in Sources */,
				E1CB31CD292FAA89002C1ABC /* TransferViewModel.swift in Sources */,
				E1A7F1A32930FB3A00436480 /* NoteViewController.swift in Sources */,
				E13885DE29387927001B028A /* NSManagedObject+.swift in Sources */,
				E1E47F97292C9A5B007A6DA4 /* MenuViewModel.swift in Sources */,
				E1E47FBE292D14E3007A6DA4 /* MatchesViewController.swift in Sources */,
				E1CB31C5292E8C62002C1ABC /* PlayersData.swift in Sources */,
				E1CB320B2930CA17002C1ABC /* NotesViewModel.swift in Sources */,
				E1E47F9B292C9F20007A6DA4 /* MenuTableViewCell.swift in Sources */,
				E13885E42938DDC2001B028A /* Note.swift in Sources */,
				E1E47FAE292CCAF4007A6DA4 /* TeamViewController.swift in Sources */,
				E1E47FA6292CB1C2007A6DA4 /* LeagueViewController.swift in Sources */,
			);
			runOnlyForDeploymentPostprocessing = 0;
		};
/* End PBXSourcesBuildPhase section */

/* Begin PBXTargetDependency section */
		E1CB31A6292DF88F002C1ABC /* PBXTargetDependency */ = {
			isa = PBXTargetDependency;
			target = E1E47F79292C8FFC007A6DA4 /* SoccerStat */;
			targetProxy = E1CB31A5292DF88F002C1ABC /* PBXContainerItemProxy */;
		};
/* End PBXTargetDependency section */

/* Begin PBXVariantGroup section */
		E1E47F88292C9006007A6DA4 /* LaunchScreen.storyboard */ = {
			isa = PBXVariantGroup;
			children = (
				E1E47F89292C9006007A6DA4 /* Base */,
			);
			name = LaunchScreen.storyboard;
			sourceTree = "<group>";
		};
/* End PBXVariantGroup section */

/* Begin XCBuildConfiguration section */
		E1CB31A7292DF88F002C1ABC /* Debug */ = {
			isa = XCBuildConfiguration;
			buildSettings = {
				BUNDLE_LOADER = "$(TEST_HOST)";
				CODE_SIGN_STYLE = Automatic;
				CURRENT_PROJECT_VERSION = 1;
				DEVELOPMENT_TEAM = Q38DP85HSY;
				GENERATE_INFOPLIST_FILE = YES;
				MARKETING_VERSION = 1.0;
				PRODUCT_BUNDLE_IDENTIFIER = alex24.NinjaIceHockeyTests;
				PRODUCT_NAME = "$(TARGET_NAME)";
				SWIFT_EMIT_LOC_STRINGS = NO;
				SWIFT_VERSION = 5.0;
				TARGETED_DEVICE_FAMILY = "1,2";
				TEST_HOST = "$(BUILT_PRODUCTS_DIR)/NinjaIceHockey.app/NinjaIceHockey";
			};
			name = Debug;
		};
		E1CB31A8292DF88F002C1ABC /* Release */ = {
			isa = XCBuildConfiguration;
			buildSettings = {
				BUNDLE_LOADER = "$(TEST_HOST)";
				CODE_SIGN_STYLE = Automatic;
				CURRENT_PROJECT_VERSION = 1;
				DEVELOPMENT_TEAM = Q38DP85HSY;
				GENERATE_INFOPLIST_FILE = YES;
				MARKETING_VERSION = 1.0;
				PRODUCT_BUNDLE_IDENTIFIER = alex24.NinjaIceHockeyTests;
				PRODUCT_NAME = "$(TARGET_NAME)";
				SWIFT_EMIT_LOC_STRINGS = NO;
				SWIFT_VERSION = 5.0;
				TARGETED_DEVICE_FAMILY = "1,2";
				TEST_HOST = "$(BUILT_PRODUCTS_DIR)/NinjaIceHockey.app/NinjaIceHockey";
			};
			name = Release;
		};
		E1E47F8C292C9006007A6DA4 /* Debug */ = {
			isa = XCBuildConfiguration;
			buildSettings = {
				ALWAYS_SEARCH_USER_PATHS = NO;
				CLANG_ANALYZER_NONNULL = YES;
				CLANG_ANALYZER_NUMBER_OBJECT_CONVERSION = YES_AGGRESSIVE;
				CLANG_CXX_LANGUAGE_STANDARD = "gnu++17";
				CLANG_ENABLE_MODULES = YES;
				CLANG_ENABLE_OBJC_ARC = YES;
				CLANG_ENABLE_OBJC_WEAK = YES;
				CLANG_WARN_BLOCK_CAPTURE_AUTORELEASING = YES;
				CLANG_WARN_BOOL_CONVERSION = YES;
				CLANG_WARN_COMMA = YES;
				CLANG_WARN_CONSTANT_CONVERSION = YES;
				CLANG_WARN_DEPRECATED_OBJC_IMPLEMENTATIONS = YES;
				CLANG_WARN_DIRECT_OBJC_ISA_USAGE = YES_ERROR;
				CLANG_WARN_DOCUMENTATION_COMMENTS = YES;
				CLANG_WARN_EMPTY_BODY = YES;
				CLANG_WARN_ENUM_CONVERSION = YES;
				CLANG_WARN_INFINITE_RECURSION = YES;
				CLANG_WARN_INT_CONVERSION = YES;
				CLANG_WARN_NON_LITERAL_NULL_CONVERSION = YES;
				CLANG_WARN_OBJC_IMPLICIT_RETAIN_SELF = YES;
				CLANG_WARN_OBJC_LITERAL_CONVERSION = YES;
				CLANG_WARN_OBJC_ROOT_CLASS = YES_ERROR;
				CLANG_WARN_QUOTED_INCLUDE_IN_FRAMEWORK_HEADER = YES;
				CLANG_WARN_RANGE_LOOP_ANALYSIS = YES;
				CLANG_WARN_STRICT_PROTOTYPES = YES;
				CLANG_WARN_SUSPICIOUS_MOVE = YES;
				CLANG_WARN_UNGUARDED_AVAILABILITY = YES_AGGRESSIVE;
				CLANG_WARN_UNREACHABLE_CODE = YES;
				CLANG_WARN__DUPLICATE_METHOD_MATCH = YES;
				COPY_PHASE_STRIP = NO;
				DEBUG_INFORMATION_FORMAT = dwarf;
				ENABLE_STRICT_OBJC_MSGSEND = YES;
				ENABLE_TESTABILITY = YES;
				GCC_C_LANGUAGE_STANDARD = gnu11;
				GCC_DYNAMIC_NO_PIC = NO;
				GCC_NO_COMMON_BLOCKS = YES;
				GCC_OPTIMIZATION_LEVEL = 0;
				GCC_PREPROCESSOR_DEFINITIONS = (
					"DEBUG=1",
					"$(inherited)",
				);
				GCC_WARN_64_TO_32_BIT_CONVERSION = YES;
				GCC_WARN_ABOUT_RETURN_TYPE = YES_ERROR;
				GCC_WARN_UNDECLARED_SELECTOR = YES;
				GCC_WARN_UNINITIALIZED_AUTOS = YES_AGGRESSIVE;
				GCC_WARN_UNUSED_FUNCTION = YES;
				GCC_WARN_UNUSED_VARIABLE = YES;
				IPHONEOS_DEPLOYMENT_TARGET = 15.5;
				MTL_ENABLE_DEBUG_INFO = INCLUDE_SOURCE;
				MTL_FAST_MATH = YES;
				ONLY_ACTIVE_ARCH = YES;
				SDKROOT = iphoneos;
				SWIFT_ACTIVE_COMPILATION_CONDITIONS = DEBUG;
				SWIFT_OPTIMIZATION_LEVEL = "-Onone";
			};
			name = Debug;
		};
		E1E47F8D292C9006007A6DA4 /* Release */ = {
			isa = XCBuildConfiguration;
			buildSettings = {
				ALWAYS_SEARCH_USER_PATHS = NO;
				CLANG_ANALYZER_NONNULL = YES;
				CLANG_ANALYZER_NUMBER_OBJECT_CONVERSION = YES_AGGRESSIVE;
				CLANG_CXX_LANGUAGE_STANDARD = "gnu++17";
				CLANG_ENABLE_MODULES = YES;
				CLANG_ENABLE_OBJC_ARC = YES;
				CLANG_ENABLE_OBJC_WEAK = YES;
				CLANG_WARN_BLOCK_CAPTURE_AUTORELEASING = YES;
				CLANG_WARN_BOOL_CONVERSION = YES;
				CLANG_WARN_COMMA = YES;
				CLANG_WARN_CONSTANT_CONVERSION = YES;
				CLANG_WARN_DEPRECATED_OBJC_IMPLEMENTATIONS = YES;
				CLANG_WARN_DIRECT_OBJC_ISA_USAGE = YES_ERROR;
				CLANG_WARN_DOCUMENTATION_COMMENTS = YES;
				CLANG_WARN_EMPTY_BODY = YES;
				CLANG_WARN_ENUM_CONVERSION = YES;
				CLANG_WARN_INFINITE_RECURSION = YES;
				CLANG_WARN_INT_CONVERSION = YES;
				CLANG_WARN_NON_LITERAL_NULL_CONVERSION = YES;
				CLANG_WARN_OBJC_IMPLICIT_RETAIN_SELF = YES;
				CLANG_WARN_OBJC_LITERAL_CONVERSION = YES;
				CLANG_WARN_OBJC_ROOT_CLASS = YES_ERROR;
				CLANG_WARN_QUOTED_INCLUDE_IN_FRAMEWORK_HEADER = YES;
				CLANG_WARN_RANGE_LOOP_ANALYSIS = YES;
				CLANG_WARN_STRICT_PROTOTYPES = YES;
				CLANG_WARN_SUSPICIOUS_MOVE = YES;
				CLANG_WARN_UNGUARDED_AVAILABILITY = YES_AGGRESSIVE;
				CLANG_WARN_UNREACHABLE_CODE = YES;
				CLANG_WARN__DUPLICATE_METHOD_MATCH = YES;
				COPY_PHASE_STRIP = NO;
				DEBUG_INFORMATION_FORMAT = "dwarf-with-dsym";
				ENABLE_NS_ASSERTIONS = NO;
				ENABLE_STRICT_OBJC_MSGSEND = YES;
				GCC_C_LANGUAGE_STANDARD = gnu11;
				GCC_NO_COMMON_BLOCKS = YES;
				GCC_WARN_64_TO_32_BIT_CONVERSION = YES;
				GCC_WARN_ABOUT_RETURN_TYPE = YES_ERROR;
				GCC_WARN_UNDECLARED_SELECTOR = YES;
				GCC_WARN_UNINITIALIZED_AUTOS = YES_AGGRESSIVE;
				GCC_WARN_UNUSED_FUNCTION = YES;
				GCC_WARN_UNUSED_VARIABLE = YES;
				IPHONEOS_DEPLOYMENT_TARGET = 15.5;
				MTL_ENABLE_DEBUG_INFO = NO;
				MTL_FAST_MATH = YES;
				SDKROOT = iphoneos;
				SWIFT_COMPILATION_MODE = wholemodule;
				SWIFT_OPTIMIZATION_LEVEL = "-O";
				VALIDATE_PRODUCT = YES;
			};
			name = Release;
		};
		E1E47F8F292C9006007A6DA4 /* Debug */ = {
			isa = XCBuildConfiguration;
			baseConfigurationReference = 96060F64072B0479EE7C3068 /* Pods-NinjaIceHockey.debug.xcconfig */;
			buildSettings = {
				ASSETCATALOG_COMPILER_APPICON_NAME = AppIcon;
				ASSETCATALOG_COMPILER_GLOBAL_ACCENT_COLOR_NAME = AccentColor;
				CODE_SIGN_STYLE = Automatic;
				CURRENT_PROJECT_VERSION = 1;
				DEVELOPMENT_TEAM = Q38DP85HSY;
				GENERATE_INFOPLIST_FILE = YES;
				INFOPLIST_FILE = SoccerStat/Resources/Info.plist;
				INFOPLIST_KEY_CFBundleDisplayName = SoccerStat;
				INFOPLIST_KEY_UIApplicationSupportsIndirectInputEvents = YES;
				INFOPLIST_KEY_UILaunchStoryboardName = LaunchScreen;
				INFOPLIST_KEY_UISupportedInterfaceOrientations_iPad = "UIInterfaceOrientationPortrait UIInterfaceOrientationPortraitUpsideDown UIInterfaceOrientationLandscapeLeft UIInterfaceOrientationLandscapeRight";
				INFOPLIST_KEY_UISupportedInterfaceOrientations_iPhone = "UIInterfaceOrientationPortrait UIInterfaceOrientationLandscapeLeft UIInterfaceOrientationLandscapeRight";
				LD_RUNPATH_SEARCH_PATHS = (
					"$(inherited)",
					"@executable_path/Frameworks",
				);
				MARKETING_VERSION = 1.0;
				PRODUCT_BUNDLE_IDENTIFIER = alex24.SoccerStat;
				PRODUCT_NAME = "$(TARGET_NAME)";
				SWIFT_EMIT_LOC_STRINGS = YES;
				SWIFT_VERSION = 5.0;
				TARGETED_DEVICE_FAMILY = "1,2";
			};
			name = Debug;
		};
		E1E47F90292C9006007A6DA4 /* Release */ = {
			isa = XCBuildConfiguration;
			baseConfigurationReference = C30513B1E5DF4AF7DB9C18A8 /* Pods-NinjaIceHockey.release.xcconfig */;
			buildSettings = {
				ASSETCATALOG_COMPILER_APPICON_NAME = AppIcon;
				ASSETCATALOG_COMPILER_GLOBAL_ACCENT_COLOR_NAME = AccentColor;
				CODE_SIGN_STYLE = Automatic;
				CURRENT_PROJECT_VERSION = 1;
				DEVELOPMENT_TEAM = Q38DP85HSY;
				GENERATE_INFOPLIST_FILE = YES;
				INFOPLIST_FILE = SoccerStat/Resources/Info.plist;
				INFOPLIST_KEY_CFBundleDisplayName = SoccerStat;
				INFOPLIST_KEY_UIApplicationSupportsIndirectInputEvents = YES;
				INFOPLIST_KEY_UILaunchStoryboardName = LaunchScreen;
				INFOPLIST_KEY_UISupportedInterfaceOrientations_iPad = "UIInterfaceOrientationPortrait UIInterfaceOrientationPortraitUpsideDown UIInterfaceOrientationLandscapeLeft UIInterfaceOrientationLandscapeRight";
				INFOPLIST_KEY_UISupportedInterfaceOrientations_iPhone = "UIInterfaceOrientationPortrait UIInterfaceOrientationLandscapeLeft UIInterfaceOrientationLandscapeRight";
				LD_RUNPATH_SEARCH_PATHS = (
					"$(inherited)",
					"@executable_path/Frameworks",
				);
				MARKETING_VERSION = 1.0;
				PRODUCT_BUNDLE_IDENTIFIER = alex24.SoccerStat;
				PRODUCT_NAME = "$(TARGET_NAME)";
				SWIFT_EMIT_LOC_STRINGS = YES;
				SWIFT_VERSION = 5.0;
				TARGETED_DEVICE_FAMILY = "1,2";
			};
			name = Release;
		};
/* End XCBuildConfiguration section */

/* Begin XCConfigurationList section */
		E1CB31A9292DF88F002C1ABC /* Build configuration list for PBXNativeTarget "SoccerStatTests" */ = {
			isa = XCConfigurationList;
			buildConfigurations = (
				E1CB31A7292DF88F002C1ABC /* Debug */,
				E1CB31A8292DF88F002C1ABC /* Release */,
			);
			defaultConfigurationIsVisible = 0;
			defaultConfigurationName = Release;
		};
		E1E47F75292C8FFC007A6DA4 /* Build configuration list for PBXProject "SoccerStat" */ = {
			isa = XCConfigurationList;
			buildConfigurations = (
				E1E47F8C292C9006007A6DA4 /* Debug */,
				E1E47F8D292C9006007A6DA4 /* Release */,
			);
			defaultConfigurationIsVisible = 0;
			defaultConfigurationName = Release;
		};
		E1E47F8E292C9006007A6DA4 /* Build configuration list for PBXNativeTarget "SoccerStat" */ = {
			isa = XCConfigurationList;
			buildConfigurations = (
				E1E47F8F292C9006007A6DA4 /* Debug */,
				E1E47F90292C9006007A6DA4 /* Release */,
			);
			defaultConfigurationIsVisible = 0;
			defaultConfigurationName = Release;
		};
/* End XCConfigurationList section */

/* Begin XCVersionGroup section */
		E1A7F1A62931074A00436480 /* CoreDataModel.xcdatamodeld */ = {
			isa = XCVersionGroup;
			children = (
				E1A7F1A72931074A00436480 /* Notes.xcdatamodel */,
			);
			currentVersion = E1A7F1A72931074A00436480 /* Notes.xcdatamodel */;
			path = CoreDataModel.xcdatamodeld;
			sourceTree = "<group>";
			versionGroupType = wrapper.xcdatamodel;
		};
/* End XCVersionGroup section */
	};
	rootObject = E1E47F72292C8FFC007A6DA4 /* Project object */;
}
